
Microsoft Visual Studio Solution File, Format Version 12.00
# Visual Studio 14
VisualStudioVersion = 14.0.25420.1
MinimumVisualStudioVersion = 10.0.40219.1
Project("{FAE04EC0-301F-11D3-BF4B-00C04F79EFBC}") = "ClassLibrary2", "ClassLibrary2\ClassLibrary2.csproj", "{9C4D022F-0FA8-4E5D-B89D-91664B2D0DC3}"
EndProject
Project("{FAE04EC0-301F-11D3-BF4B-00C04F79EFBC}") = "UnitTestProject1", "UnitTestProject1\UnitTestProject1.csproj", "{341ED365-3975-406B-BD03-5106DFAEE15A}"
EndProject
Project("{FAE04EC0-301F-11D3-BF4B-00C04F79EFBC}") = "WindowsFormsApplication1", "WindowsFormsApplication1\WindowsFormsApplication1.csproj", "{604B0C65-D07E-4602-9F20-B123BF1E9FF2}"
EndProject
Global
	GlobalSection(SolutionConfigurationPlatforms) = preSolution
		Debug|Any CPU = Debug|Any CPU
		Release|Any CPU = Release|Any CPU
	EndGlobalSection
	GlobalSection(ProjectConfigurationPlatforms) = postSolution
		{9C4D022F-0FA8-4E5D-B89D-91664B2D0DC3}.Debug|Any CPU.ActiveCfg = Debug|Any CPU
		{9C4D022F-0FA8-4E5D-B89D-91664B2D0DC3}.Debug|Any CPU.Build.0 = Debug|Any CPU
		{9C4D022F-0FA8-4E5D-B89D-91664B2D0DC3}.Release|Any CPU.ActiveCfg = Release|Any CPU
		{9C4D022F-0FA8-4E5D-B89D-91664B2D0DC3}.Release|Any CPU.Build.0 = Release|Any CPU
		{341ED365-3975-406B-BD03-5106DFAEE15A}.Debug|Any CPU.ActiveCfg = Debug|Any CPU
		{341ED365-3975-406B-BD03-5106DFAEE15A}.Debug|Any CPU.Build.0 = Debug|Any CPU
		{341ED365-3975-406B-BD03-5106DFAEE15A}.Release|Any CPU.ActiveCfg = Release|Any CPU
		{341ED365-3975-406B-BD03-5106DFAEE15A}.Release|Any CPU.Build.0 = Release|Any CPU
		{604B0C65-D07E-4602-9F20-B123BF1E9FF2}.Debug|Any CPU.ActiveCfg = Debug|Any CPU
		{604B0C65-D07E-4602-9F20-B123BF1E9FF2}.Debug|Any CPU.Build.0 = Debug|Any CPU
		{604B0C65-D07E-4602-9F20-B123BF1E9FF2}.Release|Any CPU.ActiveCfg = Release|Any CPU
		{604B0C65-D07E-4602-9F20-B123BF1E9FF2}.Release|Any CPU.Build.0 = Release|Any CPU
	EndGlobalSection
	GlobalSection(SolutionProperties) = preSolution
		HideSolutionNode = FALSE
	EndGlobalSection
EndGlobal
